{
    "_readme": [
        "This file locks the dependencies of your project to a known state",
        "Read more about it at http://getcomposer.org/doc/01-basic-usage.md#composer-lock-the-lock-file",
        "This file is @generated automatically"
    ],
    "hash": "29e48c3bfaa3190a9d60bc273bf4fc5a",
    "packages": [
        {
            "name": "timesplinter/ts-framework",
            "version": "v0.2.0",
            "source": {
                "type": "git",
                "url": "https://github.com/TiMESPLiNTER/tsFramework.git",
                "reference": "0f55dd396ee0607bd4ba77d8bef495e617dbfa28"
            },
            "dist": {
                "type": "zip",
                "url": "https://api.github.com/repos/TiMESPLiNTER/tsFramework/zipball/0f55dd396ee0607bd4ba77d8bef495e617dbfa28",
                "reference": "0f55dd396ee0607bd4ba77d8bef495e617dbfa28",
                "shasum": ""
            },
            "require": {
                "php": ">=5.3.0",
                "timesplinter/tsfw-common": "0.1.*",
                "timesplinter/tsfw-template": "1.0.*"
            },
            "require-dev": {
                "phpunit/phpunit": "4.2.*"
            },
            "type": "library",
            "autoload": {
                "psr-4": {
                    "ch\\timesplinter\\": "src/ch/timesplinter/"
                }
            },
            "notification-url": "https://packagist.org/downloads/",
            "license": [
                "LGPL"
            ],
            "authors": [
                {
                    "name": "Pascal Muenst",
                    "email": "dev@timesplinter.ch",
                    "homepage": "http://www.timesplinter.ch",
                    "role": "Developer"
                }
            ],
            "description": "A very fast and simple to use framework written in PHP.",
            "homepage": "https://github.com/TiMESPLiNTER/tsFramework",
            "keywords": [
                "framework",
                "tsFramework",
                "tsfw"
            ],
            "time": "2015-03-02 08:18:50"
        },
        {
            "name": "timesplinter/tsfw-common",
            "version": "v0.1.2",
            "source": {
                "type": "git",
                "url": "https://github.com/TiMESPLiNTER/tsfw-common.git",
                "reference": "669e248230c8e4a3f8fc9c95f65bc2b2cc96957a"
            },
            "dist": {
                "type": "zip",
                "url": "https://api.github.com/repos/TiMESPLiNTER/tsfw-common/zipball/669e248230c8e4a3f8fc9c95f65bc2b2cc96957a",
                "reference": "669e248230c8e4a3f8fc9c95f65bc2b2cc96957a",
                "shasum": ""
            },
            "require": {
                "php": ">=5.1.0"
            },
            "require-dev": {
                "phpunit/phpunit": "4.2.*"
            },
            "type": "library",
            "autoload": {
                "psr-4": {
                    "timesplinter\\": "src/timesplinter/"
                }
            },
            "notification-url": "https://packagist.org/downloads/",
            "license": [
                "LGPL"
            ],
            "authors": [
                {
                    "name": "Pascal Muenst",
                    "email": "dev@timesplinter.ch",
                    "homepage": "http://www.timesplinter.ch",
                    "role": "Company"
                }
            ],
            "description": "PHP library to abstract common tasks with strings, array, etc.",
            "homepage": "http://github.com/TiMESPLiNTER/tsfw-common",
            "keywords": [
                "common",
                "tsfw"
            ],
            "time": "2015-03-02 07:49:54"
        },
        {
            "name": "timesplinter/tsfw-template",
            "version": "v1.0.1",
            "source": {
                "type": "git",
                "url": "https://github.com/TiMESPLiNTER/tsfw-template.git",
                "reference": "711bd0f0f5da37f82973ae15da76c2f61444a937"
            },
            "dist": {
                "type": "zip",
                "url": "https://api.github.com/repos/TiMESPLiNTER/tsfw-template/zipball/711bd0f0f5da37f82973ae15da76c2f61444a937",
                "reference": "711bd0f0f5da37f82973ae15da76c2f61444a937",
                "shasum": ""
            },
            "require": {
                "php": ">=5.3.0",
                "timesplinter/tsfw-common": "0.1.*"
            },
            "require-dev": {
                "phpunit/phpunit": "4.2.*"
            },
            "type": "library",
            "autoload": {
                "psr-4": {
                    "timesplinter\\": "src/timesplinter/"
                }
            },
            "notification-url": "https://packagist.org/downloads/",
            "license": [
                "LGPL"
            ],
            "authors": [
                {
                    "name": "Pascal Muenst",
                    "email": "dev@timesplinter.ch",
                    "homepage": "http://www.timesplinter.ch",
                    "role": "Developer"
                }
            ],
            "description": "PHP library to render templates with custom tags",
            "homepage": "http://github.com/TiMESPLiNTER/tsfw-template",
            "keywords": [
                "custom tags",
                "template",
                "template engine",
                "tsfw"
            ],
            "time": "2015-03-02 08:17:11"
        }
    ],
    "packages-dev": [],
    "aliases": [],
    "minimum-stability": "stable",
    "stability-flags": [],
    "prefer-stable": false,
    "prefer-lowest": false,
    "platform": [],
    "platform-dev": []
}
